
Microsoft Visual Studio Solution File, Format Version 12.00
# Visual Studio 14
VisualStudioVersion = 14.0.23107.0
MinimumVisualStudioVersion = 10.0.40219.1
Project("{FAE04EC0-301F-11D3-BF4B-00C04F79EFBC}") = "OneWeekCalendar.Droid", "OneWeekCalendar\OneWeekCalendar.Droid\OneWeekCalendar.Droid.csproj", "{53C4C7B7-BCEE-4CF2-9A7C-E556EAA5F174}"
EndProject
Project("{FAE04EC0-301F-11D3-BF4B-00C04F79EFBC}") = "OneWeekCalendar.iOS", "OneWeekCalendar\OneWeekCalendar.iOS\OneWeekCalendar.iOS.csproj", "{89848D99-67A5-426E-A3E5-C52B21A46D44}"
EndProject
Project("{FAE04EC0-301F-11D3-BF4B-00C04F79EFBC}") = "OneWeekCalendar.WinPhone", "OneWeekCalendar\OneWeekCalendar.WinPhone\OneWeekCalendar.WinPhone.csproj", "{2D3445A4-ABD7-45FE-9161-0A65159F9D31}"
EndProject
Project("{FAE04EC0-301F-11D3-BF4B-00C04F79EFBC}") = "OneWeekCalendar", "OneWeekCalendar\OneWeekCalendar\OneWeekCalendar.csproj", "{BF4517A7-950C-416C-907E-AFC1339C6DCB}"
EndProject
Global
	GlobalSection(SolutionConfigurationPlatforms) = preSolution
		Ad-Hoc|Any CPU = Ad-Hoc|Any CPU
		Ad-Hoc|ARM = Ad-Hoc|ARM
		Ad-Hoc|iPhone = Ad-Hoc|iPhone
		Ad-Hoc|iPhoneSimulator = Ad-Hoc|iPhoneSimulator
		Ad-Hoc|x86 = Ad-Hoc|x86
		AppStore|Any CPU = AppStore|Any CPU
		AppStore|ARM = AppStore|ARM
		AppStore|iPhone = AppStore|iPhone
		AppStore|iPhoneSimulator = AppStore|iPhoneSimulator
		AppStore|x86 = AppStore|x86
		Debug|Any CPU = Debug|Any CPU
		Debug|ARM = Debug|ARM
		Debug|iPhone = Debug|iPhone
		Debug|iPhoneSimulator = Debug|iPhoneSimulator
		Debug|x86 = Debug|x86
		Release|Any CPU = Release|Any CPU
		Release|ARM = Release|ARM
		Release|iPhone = Release|iPhone
		Release|iPhoneSimulator = Release|iPhoneSimulator
		Release|x86 = Release|x86
	EndGlobalSection
	GlobalSection(ProjectConfigurationPlatforms) = postSolution
		{53C4C7B7-BCEE-4CF2-9A7C-E556EAA5F174}.Ad-Hoc|Any CPU.ActiveCfg = Release|Any CPU
		{53C4C7B7-BCEE-4CF2-9A7C-E556EAA5F174}.Ad-Hoc|Any CPU.Build.0 = Release|Any CPU
		{53C4C7B7-BCEE-4CF2-9A7C-E556EAA5F174}.Ad-Hoc|Any CPU.Deploy.0 = Release|Any CPU
		{53C4C7B7-BCEE-4CF2-9A7C-E556EAA5F174}.Ad-Hoc|ARM.ActiveCfg = Release|Any CPU
		{53C4C7B7-BCEE-4CF2-9A7C-E556EAA5F174}.Ad-Hoc|ARM.Build.0 = Release|Any CPU
		{53C4C7B7-BCEE-4CF2-9A7C-E556EAA5F174}.Ad-Hoc|ARM.Deploy.0 = Release|Any CPU
		{53C4C7B7-BCEE-4CF2-9A7C-E556EAA5F174}.Ad-Hoc|iPhone.ActiveCfg = Release|Any CPU
		{53C4C7B7-BCEE-4CF2-9A7C-E556EAA5F174}.Ad-Hoc|iPhone.Build.0 = Release|Any CPU
		{53C4C7B7-BCEE-4CF2-9A7C-E556EAA5F174}.Ad-Hoc|iPhone.Deploy.0 = Release|Any CPU
		{53C4C7B7-BCEE-4CF2-9A7C-E556EAA5F174}.Ad-Hoc|iPhoneSimulator.ActiveCfg = Release|Any CPU
		{53C4C7B7-BCEE-4CF2-9A7C-E556EAA5F174}.Ad-Hoc|iPhoneSimulator.Build.0 = Release|Any CPU
		{53C4C7B7-BCEE-4CF2-9A7C-E556EAA5F174}.Ad-Hoc|iPhoneSimulator.Deploy.0 = Release|Any CPU
		{53C4C7B7-BCEE-4CF2-9A7C-E556EAA5F174}.Ad-Hoc|x86.ActiveCfg = Release|Any CPU
		{53C4C7B7-BCEE-4CF2-9A7C-E556EAA5F174}.Ad-Hoc|x86.Build.0 = Release|Any CPU
		{53C4C7B7-BCEE-4CF2-9A7C-E556EAA5F174}.Ad-Hoc|x86.Deploy.0 = Release|Any CPU
		{53C4C7B7-BCEE-4CF2-9A7C-E556EAA5F174}.AppStore|Any CPU.ActiveCfg = Release|Any CPU
		{53C4C7B7-BCEE-4CF2-9A7C-E556EAA5F174}.AppStore|Any CPU.Build.0 = Release|Any CPU
		{53C4C7B7-BCEE-4CF2-9A7C-E556EAA5F174}.AppStore|Any CPU.Deploy.0 = Release|Any CPU
		{53C4C7B7-BCEE-4CF2-9A7C-E556EAA5F174}.AppStore|ARM.ActiveCfg = Release|Any CPU
		{53C4C7B7-BCEE-4CF2-9A7C-E556EAA5F174}.AppStore|ARM.Build.0 = Release|Any CPU
		{53C4C7B7-BCEE-4CF2-9A7C-E556EAA5F174}.AppStore|ARM.Deploy.0 = Release|Any CPU
		{53C4C7B7-BCEE-4CF2-9A7C-E556EAA5F174}.AppStore|iPhone.ActiveCfg = Release|Any CPU
		{53C4C7B7-BCEE-4CF2-9A7C-E556EAA5F174}.AppStore|iPhone.Build.0 = Release|Any CPU
		{53C4C7B7-BCEE-4CF2-9A7C-E556EAA5F174}.AppStore|iPhone.Deploy.0 = Release|Any CPU
		{53C4C7B7-BCEE-4CF2-9A7C-E556EAA5F174}.AppStore|iPhoneSimulator.ActiveCfg = Release|Any CPU
		{53C4C7B7-BCEE-4CF2-9A7C-E556EAA5F174}.AppStore|iPhoneSimulator.Build.0 = Release|Any CPU
		{53C4C7B7-BCEE-4CF2-9A7C-E556EAA5F174}.AppStore|iPhoneSimulator.Deploy.0 = Release|Any CPU
		{53C4C7B7-BCEE-4CF2-9A7C-E556EAA5F174}.AppStore|x86.ActiveCfg = Release|Any CPU
		{53C4C7B7-BCEE-4CF2-9A7C-E556EAA5F174}.AppStore|x86.Build.0 = Release|Any CPU
		{53C4C7B7-BCEE-4CF2-9A7C-E556EAA5F174}.AppStore|x86.Deploy.0 = Release|Any CPU
		{53C4C7B7-BCEE-4CF2-9A7C-E556EAA5F174}.Debug|Any CPU.ActiveCfg = Debug|Any CPU
		{53C4C7B7-BCEE-4CF2-9A7C-E556EAA5F174}.Debug|Any CPU.Build.0 = Debug|Any CPU
		{53C4C7B7-BCEE-4CF2-9A7C-E556EAA5F174}.Debug|Any CPU.Deploy.0 = Debug|Any CPU
		{53C4C7B7-BCEE-4CF2-9A7C-E556EAA5F174}.Debug|ARM.ActiveCfg = Debug|Any CPU
		{53C4C7B7-BCEE-4CF2-9A7C-E556EAA5F174}.Debug|ARM.Build.0 = Debug|Any CPU
		{53C4C7B7-BCEE-4CF2-9A7C-E556EAA5F174}.Debug|ARM.Deploy.0 = Debug|Any CPU
		{53C4C7B7-BCEE-4CF2-9A7C-E556EAA5F174}.Debug|iPhone.ActiveCfg = Debug|Any CPU
		{53C4C7B7-BCEE-4CF2-9A7C-E556EAA5F174}.Debug|iPhone.Build.0 = Debug|Any CPU
		{53C4C7B7-BCEE-4CF2-9A7C-E556EAA5F174}.Debug|iPhone.Deploy.0 = Debug|Any CPU
		{53C4C7B7-BCEE-4CF2-9A7C-E556EAA5F174}.Debug|iPhoneSimulator.ActiveCfg = Debug|Any CPU
		{53C4C7B7-BCEE-4CF2-9A7C-E556EAA5F174}.Debug|iPhoneSimulator.Build.0 = Debug|Any CPU
		{53C4C7B7-BCEE-4CF2-9A7C-E556EAA5F174}.Debug|iPhoneSimulator.Deploy.0 = Debug|Any CPU
		{53C4C7B7-BCEE-4CF2-9A7C-E556EAA5F174}.Debug|x86.ActiveCfg = Debug|Any CPU
		{53C4C7B7-BCEE-4CF2-9A7C-E556EAA5F174}.Debug|x86.Build.0 = Debug|Any CPU
		{53C4C7B7-BCEE-4CF2-9A7C-E556EAA5F174}.Debug|x86.Deploy.0 = Debug|Any CPU
		{53C4C7B7-BCEE-4CF2-9A7C-E556EAA5F174}.Release|Any CPU.ActiveCfg = Release|Any CPU
		{53C4C7B7-BCEE-4CF2-9A7C-E556EAA5F174}.Release|Any CPU.Build.0 = Release|Any CPU
		{53C4C7B7-BCEE-4CF2-9A7C-E556EAA5F174}.Release|Any CPU.Deploy.0 = Release|Any CPU
		{53C4C7B7-BCEE-4CF2-9A7C-E556EAA5F174}.Release|ARM.ActiveCfg = Release|Any CPU
		{53C4C7B7-BCEE-4CF2-9A7C-E556EAA5F174}.Release|ARM.Build.0 = Release|Any CPU
		{53C4C7B7-BCEE-4CF2-9A7C-E556EAA5F174}.Release|ARM.Deploy.0 = Release|Any CPU
		{53C4C7B7-BCEE-4CF2-9A7C-E556EAA5F174}.Release|iPhone.ActiveCfg = Release|Any CPU
		{53C4C7B7-BCEE-4CF2-9A7C-E556EAA5F174}.Release|iPhone.Build.0 = Release|Any CPU
		{53C4C7B7-BCEE-4CF2-9A7C-E556EAA5F174}.Release|iPhone.Deploy.0 = Release|Any CPU
		{53C4C7B7-BCEE-4CF2-9A7C-E556EAA5F174}.Release|iPhoneSimulator.ActiveCfg = Release|Any CPU
		{53C4C7B7-BCEE-4CF2-9A7C-E556EAA5F174}.Release|iPhoneSimulator.Build.0 = Release|Any CPU
		{53C4C7B7-BCEE-4CF2-9A7C-E556EAA5F174}.Release|iPhoneSimulator.Deploy.0 = Release|Any CPU
		{53C4C7B7-BCEE-4CF2-9A7C-E556EAA5F174}.Release|x86.ActiveCfg = Release|Any CPU
		{53C4C7B7-BCEE-4CF2-9A7C-E556EAA5F174}.Release|x86.Build.0 = Release|Any CPU
		{53C4C7B7-BCEE-4CF2-9A7C-E556EAA5F174}.Release|x86.Deploy.0 = Release|Any CPU
		{89848D99-67A5-426E-A3E5-C52B21A46D44}.Ad-Hoc|Any CPU.ActiveCfg = Ad-Hoc|iPhone
		{89848D99-67A5-426E-A3E5-C52B21A46D44}.Ad-Hoc|ARM.ActiveCfg = Ad-Hoc|iPhone
		{89848D99-67A5-426E-A3E5-C52B21A46D44}.Ad-Hoc|iPhone.ActiveCfg = Ad-Hoc|iPhone
		{89848D99-67A5-426E-A3E5-C52B21A46D44}.Ad-Hoc|iPhone.Build.0 = Ad-Hoc|iPhone
		{89848D99-67A5-426E-A3E5-C52B21A46D44}.Ad-Hoc|iPhoneSimulator.ActiveCfg = Ad-Hoc|iPhoneSimulator
		{89848D99-67A5-426E-A3E5-C52B21A46D44}.Ad-Hoc|iPhoneSimulator.Build.0 = Ad-Hoc|iPhoneSimulator
		{89848D99-67A5-426E-A3E5-C52B21A46D44}.Ad-Hoc|x86.ActiveCfg = Ad-Hoc|iPhone
		{89848D99-67A5-426E-A3E5-C52B21A46D44}.AppStore|Any CPU.ActiveCfg = AppStore|iPhone
		{89848D99-67A5-426E-A3E5-C52B21A46D44}.AppStore|ARM.ActiveCfg = AppStore|iPhone
		{89848D99-67A5-426E-A3E5-C52B21A46D44}.AppStore|iPhone.ActiveCfg = AppStore|iPhone
		{89848D99-67A5-426E-A3E5-C52B21A46D44}.AppStore|iPhone.Build.0 = AppStore|iPhone
		{89848D99-67A5-426E-A3E5-C52B21A46D44}.AppStore|iPhoneSimulator.ActiveCfg = AppStore|iPhoneSimulator
		{89848D99-67A5-426E-A3E5-C52B21A46D44}.AppStore|iPhoneSimulator.Build.0 = AppStore|iPhoneSimulator
		{89848D99-67A5-426E-A3E5-C52B21A46D44}.AppStore|x86.ActiveCfg = AppStore|iPhone
		{89848D99-67A5-426E-A3E5-C52B21A46D44}.Debug|Any CPU.ActiveCfg = Debug|iPhone
		{89848D99-67A5-426E-A3E5-C52B21A46D44}.Debug|ARM.ActiveCfg = Debug|iPhone
		{89848D99-67A5-426E-A3E5-C52B21A46D44}.Debug|iPhone.ActiveCfg = Debug|iPhone
		{89848D99-67A5-426E-A3E5-C52B21A46D44}.Debug|iPhone.Build.0 = Debug|iPhone
		{89848D99-67A5-426E-A3E5-C52B21A46D44}.Debug|iPhoneSimulator.ActiveCfg = Debug|iPhoneSimulator
		{89848D99-67A5-426E-A3E5-C52B21A46D44}.Debug|iPhoneSimulator.Build.0 = Debug|iPhoneSimulator
		{89848D99-67A5-426E-A3E5-C52B21A46D44}.Debug|x86.ActiveCfg = Debug|iPhone
		{89848D99-67A5-426E-A3E5-C52B21A46D44}.Release|Any CPU.ActiveCfg = Release|iPhone
		{89848D99-67A5-426E-A3E5-C52B21A46D44}.Release|ARM.ActiveCfg = Release|iPhone
		{89848D99-67A5-426E-A3E5-C52B21A46D44}.Release|iPhone.ActiveCfg = Release|iPhone
		{89848D99-67A5-426E-A3E5-C52B21A46D44}.Release|iPhone.Build.0 = Release|iPhone
		{89848D99-67A5-426E-A3E5-C52B21A46D44}.Release|iPhoneSimulator.ActiveCfg = Release|iPhoneSimulator
		{89848D99-67A5-426E-A3E5-C52B21A46D44}.Release|iPhoneSimulator.Build.0 = Release|iPhoneSimulator
		{89848D99-67A5-426E-A3E5-C52B21A46D44}.Release|x86.ActiveCfg = Release|iPhone
		{2D3445A4-ABD7-45FE-9161-0A65159F9D31}.Ad-Hoc|Any CPU.ActiveCfg = Release|Any CPU
		{2D3445A4-ABD7-45FE-9161-0A65159F9D31}.Ad-Hoc|Any CPU.Build.0 = Release|Any CPU
		{2D3445A4-ABD7-45FE-9161-0A65159F9D31}.Ad-Hoc|Any CPU.Deploy.0 = Release|Any CPU
		{2D3445A4-ABD7-45FE-9161-0A65159F9D31}.Ad-Hoc|ARM.ActiveCfg = Release|ARM
		{2D3445A4-ABD7-45FE-9161-0A65159F9D31}.Ad-Hoc|ARM.Build.0 = Release|ARM
		{2D3445A4-ABD7-45FE-9161-0A65159F9D31}.Ad-Hoc|ARM.Deploy.0 = Release|ARM
		{2D3445A4-ABD7-45FE-9161-0A65159F9D31}.Ad-Hoc|iPhone.ActiveCfg = Release|Any CPU
		{2D3445A4-ABD7-45FE-9161-0A65159F9D31}.Ad-Hoc|iPhone.Build.0 = Release|Any CPU
		{2D3445A4-ABD7-45FE-9161-0A65159F9D31}.Ad-Hoc|iPhone.Deploy.0 = Release|Any CPU
		{2D3445A4-ABD7-45FE-9161-0A65159F9D31}.Ad-Hoc|iPhoneSimulator.ActiveCfg = Release|Any CPU
		{2D3445A4-ABD7-45FE-9161-0A65159F9D31}.Ad-Hoc|iPhoneSimulator.Build.0 = Release|Any CPU
		{2D3445A4-ABD7-45FE-9161-0A65159F9D31}.Ad-Hoc|iPhoneSimulator.Deploy.0 = Release|Any CPU
		{2D3445A4-ABD7-45FE-9161-0A65159F9D31}.Ad-Hoc|x86.ActiveCfg = Release|x86
		{2D3445A4-ABD7-45FE-9161-0A65159F9D31}.Ad-Hoc|x86.Build.0 = Release|x86
		{2D3445A4-ABD7-45FE-9161-0A65159F9D31}.Ad-Hoc|x86.Deploy.0 = Release|x86
		{2D3445A4-ABD7-45FE-9161-0A65159F9D31}.AppStore|Any CPU.ActiveCfg = Release|Any CPU
		{2D3445A4-ABD7-45FE-9161-0A65159F9D31}.AppStore|Any CPU.Build.0 = Release|Any CPU
		{2D3445A4-ABD7-45FE-9161-0A65159F9D31}.AppStore|Any CPU.Deploy.0 = Release|Any CPU
		{2D3445A4-ABD7-45FE-9161-0A65159F9D31}.AppStore|ARM.ActiveCfg = Release|ARM
		{2D3445A4-ABD7-45FE-9161-0A65159F9D31}.AppStore|ARM.Build.0 = Release|ARM
		{2D3445A4-ABD7-45FE-9161-0A65159F9D31}.AppStore|ARM.Deploy.0 = Release|ARM
		{2D3445A4-ABD7-45FE-9161-0A65159F9D31}.AppStore|iPhone.ActiveCfg = Release|Any CPU
		{2D3445A4-ABD7-45FE-9161-0A65159F9D31}.AppStore|iPhone.Build.0 = Release|Any CPU
		{2D3445A4-ABD7-45FE-9161-0A65159F9D31}.AppStore|iPhone.Deploy.0 = Release|Any CPU
		{2D3445A4-ABD7-45FE-9161-0A65159F9D31}.AppStore|iPhoneSimulator.ActiveCfg = Release|Any CPU
		{2D3445A4-ABD7-45FE-9161-0A65159F9D31}.AppStore|iPhoneSimulator.Build.0 = Release|Any CPU
		{2D3445A4-ABD7-45FE-9161-0A65159F9D31}.AppStore|iPhoneSimulator.Deploy.0 = Release|Any CPU
		{2D3445A4-ABD7-45FE-9161-0A65159F9D31}.AppStore|x86.ActiveCfg = Release|x86
		{2D3445A4-ABD7-45FE-9161-0A65159F9D31}.AppStore|x86.Build.0 = Release|x86
		{2D3445A4-ABD7-45FE-9161-0A65159F9D31}.AppStore|x86.Deploy.0 = Release|x86
		{2D3445A4-ABD7-45FE-9161-0A65159F9D31}.Debug|Any CPU.ActiveCfg = Debug|Any CPU
		{2D3445A4-ABD7-45FE-9161-0A65159F9D31}.Debug|Any CPU.Build.0 = Debug|Any CPU
		{2D3445A4-ABD7-45FE-9161-0A65159F9D31}.Debug|Any CPU.Deploy.0 = Debug|Any CPU
		{2D3445A4-ABD7-45FE-9161-0A65159F9D31}.Debug|ARM.ActiveCfg = Debug|ARM
		{2D3445A4-ABD7-45FE-9161-0A65159F9D31}.Debug|ARM.Build.0 = Debug|ARM
		{2D3445A4-ABD7-45FE-9161-0A65159F9D31}.Debug|ARM.Deploy.0 = Debug|ARM
		{2D3445A4-ABD7-45FE-9161-0A65159F9D31}.Debug|iPhone.ActiveCfg = Debug|Any CPU
		{2D3445A4-ABD7-45FE-9161-0A65159F9D31}.Debug|iPhone.Build.0 = Debug|Any CPU
		{2D3445A4-ABD7-45FE-9161-0A65159F9D31}.Debug|iPhone.Deploy.0 = Debug|Any CPU
		{2D3445A4-ABD7-45FE-9161-0A65159F9D31}.Debug|iPhoneSimulator.ActiveCfg = Debug|Any CPU
		{2D3445A4-ABD7-45FE-9161-0A65159F9D31}.Debug|iPhoneSimulator.Build.0 = Debug|Any CPU
		{2D3445A4-ABD7-45FE-9161-0A65159F9D31}.Debug|iPhoneSimulator.Deploy.0 = Debug|Any CPU
		{2D3445A4-ABD7-45FE-9161-0A65159F9D31}.Debug|x86.ActiveCfg = Debug|x86
		{2D3445A4-ABD7-45FE-9161-0A65159F9D31}.Debug|x86.Build.0 = Debug|x86
		{2D3445A4-ABD7-45FE-9161-0A65159F9D31}.Debug|x86.Deploy.0 = Debug|x86
		{2D3445A4-ABD7-45FE-9161-0A65159F9D31}.Release|Any CPU.ActiveCfg = Release|Any CPU
		{2D3445A4-ABD7-45FE-9161-0A65159F9D31}.Release|Any CPU.Build.0 = Release|Any CPU
		{2D3445A4-ABD7-45FE-9161-0A65159F9D31}.Release|Any CPU.Deploy.0 = Release|Any CPU
		{2D3445A4-ABD7-45FE-9161-0A65159F9D31}.Release|ARM.ActiveCfg = Release|ARM
		{2D3445A4-ABD7-45FE-9161-0A65159F9D31}.Release|ARM.Build.0 = Release|ARM
		{2D3445A4-ABD7-45FE-9161-0A65159F9D31}.Release|ARM.Deploy.0 = Release|ARM
		{2D3445A4-ABD7-45FE-9161-0A65159F9D31}.Release|iPhone.ActiveCfg = Release|Any CPU
		{2D3445A4-ABD7-45FE-9161-0A65159F9D31}.Release|iPhone.Build.0 = Release|Any CPU
		{2D3445A4-ABD7-45FE-9161-0A65159F9D31}.Release|iPhone.Deploy.0 = Release|Any CPU
		{2D3445A4-ABD7-45FE-9161-0A65159F9D31}.Release|iPhoneSimulator.ActiveCfg = Release|Any CPU
		{2D3445A4-ABD7-45FE-9161-0A65159F9D31}.Release|iPhoneSimulator.Build.0 = Release|Any CPU
		{2D3445A4-ABD7-45FE-9161-0A65159F9D31}.Release|iPhoneSimulator.Deploy.0 = Release|Any CPU
		{2D3445A4-ABD7-45FE-9161-0A65159F9D31}.Release|x86.ActiveCfg = Release|x86
		{2D3445A4-ABD7-45FE-9161-0A65159F9D31}.Release|x86.Build.0 = Release|x86
		{2D3445A4-ABD7-45FE-9161-0A65159F9D31}.Release|x86.Deploy.0 = Release|x86
		{BF4517A7-950C-416C-907E-AFC1339C6DCB}.Ad-Hoc|Any CPU.ActiveCfg = Release|Any CPU
		{BF4517A7-950C-416C-907E-AFC1339C6DCB}.Ad-Hoc|Any CPU.Build.0 = Release|Any CPU
		{BF4517A7-950C-416C-907E-AFC1339C6DCB}.Ad-Hoc|ARM.ActiveCfg = Release|Any CPU
		{BF4517A7-950C-416C-907E-AFC1339C6DCB}.Ad-Hoc|ARM.Build.0 = Release|Any CPU
		{BF4517A7-950C-416C-907E-AFC1339C6DCB}.Ad-Hoc|iPhone.ActiveCfg = Release|Any CPU
		{BF4517A7-950C-416C-907E-AFC1339C6DCB}.Ad-Hoc|iPhone.Build.0 = Release|Any CPU
		{BF4517A7-950C-416C-907E-AFC1339C6DCB}.Ad-Hoc|iPhoneSimulator.ActiveCfg = Release|Any CPU
		{BF4517A7-950C-416C-907E-AFC1339C6DCB}.Ad-Hoc|iPhoneSimulator.Build.0 = Release|Any CPU
		{BF4517A7-950C-416C-907E-AFC1339C6DCB}.Ad-Hoc|x86.ActiveCfg = Release|Any CPU
		{BF4517A7-950C-416C-907E-AFC1339C6DCB}.Ad-Hoc|x86.Build.0 = Release|Any CPU
		{BF4517A7-950C-416C-907E-AFC1339C6DCB}.AppStore|Any CPU.ActiveCfg = Release|Any CPU
		{BF4517A7-950C-416C-907E-AFC1339C6DCB}.AppStore|Any CPU.Build.0 = Release|Any CPU
		{BF4517A7-950C-416C-907E-AFC1339C6DCB}.AppStore|ARM.ActiveCfg = Release|Any CPU
		{BF4517A7-950C-416C-907E-AFC1339C6DCB}.AppStore|ARM.Build.0 = Release|Any CPU
		{BF4517A7-950C-416C-907E-AFC1339C6DCB}.AppStore|iPhone.ActiveCfg = Release|Any CPU
		{BF4517A7-950C-416C-907E-AFC1339C6DCB}.AppStore|iPhone.Build.0 = Release|Any CPU
		{BF4517A7-950C-416C-907E-AFC1339C6DCB}.AppStore|iPhoneSimulator.ActiveCfg = Release|Any CPU
		{BF4517A7-950C-416C-907E-AFC1339C6DCB}.AppStore|iPhoneSimulator.Build.0 = Release|Any CPU
		{BF4517A7-950C-416C-907E-AFC1339C6DCB}.AppStore|x86.ActiveCfg = Release|Any CPU
		{BF4517A7-950C-416C-907E-AFC1339C6DCB}.AppStore|x86.Build.0 = Release|Any CPU
		{BF4517A7-950C-416C-907E-AFC1339C6DCB}.Debug|Any CPU.ActiveCfg = Debug|Any CPU
		{BF4517A7-950C-416C-907E-AFC1339C6DCB}.Debug|Any CPU.Build.0 = Debug|Any CPU
		{BF4517A7-950C-416C-907E-AFC1339C6DCB}.Debug|ARM.ActiveCfg = Debug|Any CPU
		{BF4517A7-950C-416C-907E-AFC1339C6DCB}.Debug|ARM.Build.0 = Debug|Any CPU
		{BF4517A7-950C-416C-907E-AFC1339C6DCB}.Debug|iPhone.ActiveCfg = Debug|Any CPU
		{BF4517A7-950C-416C-907E-AFC1339C6DCB}.Debug|iPhone.Build.0 = Debug|Any CPU
		{BF4517A7-950C-416C-907E-AFC1339C6DCB}.Debug|iPhoneSimulator.ActiveCfg = Debug|Any CPU
		{BF4517A7-950C-416C-907E-AFC1339C6DCB}.Debug|iPhoneSimulator.Build.0 = Debug|Any CPU
		{BF4517A7-950C-416C-907E-AFC1339C6DCB}.Debug|x86.ActiveCfg = Debug|Any CPU
		{BF4517A7-950C-416C-907E-AFC1339C6DCB}.Debug|x86.Build.0 = Debug|Any CPU
		{BF4517A7-950C-416C-907E-AFC1339C6DCB}.Release|Any CPU.ActiveCfg = Release|Any CPU
		{BF4517A7-950C-416C-907E-AFC1339C6DCB}.Release|Any CPU.Build.0 = Release|Any CPU
		{BF4517A7-950C-416C-907E-AFC1339C6DCB}.Release|ARM.ActiveCfg = Release|Any CPU
		{BF4517A7-950C-416C-907E-AFC1339C6DCB}.Release|ARM.Build.0 = Release|Any CPU
		{BF4517A7-950C-416C-907E-AFC1339C6DCB}.Release|iPhone.ActiveCfg = Release|Any CPU
		{BF4517A7-950C-416C-907E-AFC1339C6DCB}.Release|iPhone.Build.0 = Release|Any CPU
		{BF4517A7-950C-416C-907E-AFC1339C6DCB}.Release|iPhoneSimulator.ActiveCfg = Release|Any CPU
		{BF4517A7-950C-416C-907E-AFC1339C6DCB}.Release|iPhoneSimulator.Build.0 = Release|Any CPU
		{BF4517A7-950C-416C-907E-AFC1339C6DCB}.Release|x86.ActiveCfg = Release|Any CPU
		{BF4517A7-950C-416C-907E-AFC1339C6DCB}.Release|x86.Build.0 = Release|Any CPU
	EndGlobalSection
	GlobalSection(SolutionProperties) = preSolution
		HideSolutionNode = FALSE
	EndGlobalSection
EndGlobal
